
Microsoft Visual Studio Solution File, Format Version 12.00
# Visual Studio 15
Project("{FAE04EC0-301F-11D3-BF4B-00C04F79EFBC}") = "Assembly-CSharp", "Assembly-CSharp.csproj", "{B81DF48C-94E5-14FA-2B63-DC4FA97864FC}"
EndProject
Global
	GlobalSection(SolutionConfigurationPlatforms) = preSolution
		Debug|Any CPU = Debug|Any CPU
		Release|Any CPU = Release|Any CPU
	EndGlobalSection
	GlobalSection(ProjectConfigurationPlatforms) = postSolution
		{B81DF48C-94E5-14FA-2B63-DC4FA97864FC}.Debug|Any CPU.ActiveCfg = Debug|Any CPU
		{B81DF48C-94E5-14FA-2B63-DC4FA97864FC}.Debug|Any CPU.Build.0 = Debug|Any CPU
		{B81DF48C-94E5-14FA-2B63-DC4FA97864FC}.Release|Any CPU.ActiveCfg = Release|Any CPU
		{B81DF48C-94E5-14FA-2B63-DC4FA97864FC}.Release|Any CPU.Build.0 = Release|Any CPU
	EndGlobalSection
	GlobalSection(SolutionProperties) = preSolution
		HideSolutionNode = FALSE
	EndGlobalSection
EndGlobal
